
Microsoft Visual Studio Solution File, Format Version 12.00
# Visual Studio Version 17
VisualStudioVersion = 17.6.33815.320
MinimumVisualStudioVersion = 10.0.40219.1
Project("{FAE04EC0-301F-11D3-BF4B-00C04F79EFBC}") = "firstWebAPI", "firstWebAPI.csproj", "{F74FE035-A9D3-469F-B5DC-19B38B914804}"
EndProject
Global
	GlobalSection(SolutionConfigurationPlatforms) = preSolution
		Debug|Any CPU = Debug|Any CPU
		Release|Any CPU = Release|Any CPU
	EndGlobalSection
	GlobalSection(ProjectConfigurationPlatforms) = postSolution
		{F74FE035-A9D3-469F-B5DC-19B38B914804}.Debug|Any CPU.ActiveCfg = Debug|Any CPU
		{F74FE035-A9D3-469F-B5DC-19B38B914804}.Debug|Any CPU.Build.0 = Debug|Any CPU
		{F74FE035-A9D3-469F-B5DC-19B38B914804}.Release|Any CPU.ActiveCfg = Release|Any CPU
		{F74FE035-A9D3-469F-B5DC-19B38B914804}.Release|Any CPU.Build.0 = Release|Any CPU
	EndGlobalSection
	GlobalSection(SolutionProperties) = preSolution
		HideSolutionNode = FALSE
	EndGlobalSection
	GlobalSection(ExtensibilityGlobals) = postSolution
		SolutionGuid = {E7857B1D-E485-4D58-B661-AD7DB94E6A9B}
	EndGlobalSection
EndGlobal
